
Microsoft Visual Studio Solution File, Format Version 12.00
# Visual Studio Version 17
VisualStudioVersion = 17.5.2.0
MinimumVisualStudioVersion = 10.0.40219.1
Project("{FAE04EC0-301F-11D3-BF4B-00C04F79EFBC}") = "Day2Demo", "Day2Demo\Day2Demo.csproj", "{E77E377C-3BBF-7D29-C116-E8396BB1468E}"
EndProject
Project("{FAE04EC0-301F-11D3-BF4B-00C04F79EFBC}") = "Day3", "Day3\Day3.csproj", "{A5D15CCB-530A-474C-ABE7-05D5FE3E9BCE}"
EndProject
Project("{FAE04EC0-301F-11D3-BF4B-00C04F79EFBC}") = "Day4", "Day4\Day4.csproj", "{CEED3B63-7C5E-4D7C-9574-8A832E663E8C}"
EndProject
Project("{FAE04EC0-301F-11D3-BF4B-00C04F79EFBC}") = "Day5", "Day5\Day5.csproj", "{BCE3258C-E59B-4C06-BB04-BEA9C6B3EC0C}"
EndProject
Project("{2150E333-8FDC-42A3-9474-1A3956D46DE8}") = "Day6", "Day6", "{EEE8E9CC-434D-767C-89BF-4DEA6D9321F4}"
EndProject
Project("{FAE04EC0-301F-11D3-BF4B-00C04F79EFBC}") = "library_management_system", "Day6\library_management_system\library_management_system.csproj", "{9373B82B-A1B1-441F-8E34-4F738F420730}"
EndProject
Project("{2150E333-8FDC-42A3-9474-1A3956D46DE8}") = "Day7", "Day7", "{0D6DF47C-C068-17BA-1918-83654DEB94C5}"
EndProject
Project("{FAE04EC0-301F-11D3-BF4B-00C04F79EFBC}") = "UI_Proj", "Day7\UI_Proj\UI_Proj.csproj", "{94FFD927-F7A8-4066-81DB-86463AD93CE9}"
EndProject
Project("{FAE04EC0-301F-11D3-BF4B-00C04F79EFBC}") = "BL_Proj", "Day7\BL_Proj\BL_Proj.csproj", "{B5DFAC9D-F2FE-4DEC-A4E0-A8F8370CEAE0}"
EndProject
Project("{2150E333-8FDC-42A3-9474-1A3956D46DE8}") = "Day8", "Day8", "{F00FB37B-F1E0-522A-949E-F28A4AF65220}"
EndProject
Project("{FAE04EC0-301F-11D3-BF4B-00C04F79EFBC}") = "MediSure", "Day8\MediSure\MediSure.csproj", "{F3BE0C63-EA8E-439C-81C9-F30C41FAF74F}"
EndProject
Project("{FAE04EC0-301F-11D3-BF4B-00C04F79EFBC}") = "QuickMart_Traders", "Day8\QuickMart_Traders\QuickMart_Traders.csproj", "{46BD1975-A865-4E4D-850F-E756D098B1ED}"
EndProject
Project("{2150E333-8FDC-42A3-9474-1A3956D46DE8}") = "Day9", "Day9", "{A1EE1443-C88F-1FA8-99D6-AF0A7BD45068}"
EndProject
Project("{FAE04EC0-301F-11D3-BF4B-00C04F79EFBC}") = "LPU_Entity", "Day9\Student\LPU_Entity.csproj", "{677E7EE4-9E16-44A3-AF43-E8D015519C43}"
EndProject
Project("{FAE04EC0-301F-11D3-BF4B-00C04F79EFBC}") = "LPU_Exceptions", "Day9\LPU_Exceptions\LPU_Exceptions.csproj", "{6BEA04FF-0142-41CA-8F59-93E8C0529B46}"
EndProject
Project("{FAE04EC0-301F-11D3-BF4B-00C04F79EFBC}") = "LPU_DAL", "Day9\LPU_DAL\LPU_DAL.csproj", "{99F11E27-C085-4841-8E37-8C7655EE56A0}"
EndProject
Project("{FAE04EC0-301F-11D3-BF4B-00C04F79EFBC}") = "LPU_UI", "Day9\LPU_UI\LPU_UI.csproj", "{83072104-82EA-45CF-B8E2-A03C318CA18B}"
EndProject
Project("{FAE04EC0-301F-11D3-BF4B-00C04F79EFBC}") = "LPU_BL", "Day9\LPU_BL\LPU_BL.csproj", "{7A7A8E9E-96FF-4657-9D80-E306EDDE83AE}"
EndProject
Project("{FAE04EC0-301F-11D3-BF4B-00C04F79EFBC}") = "LPU_Common", "Day9\LPU_Common\LPU_Common.csproj", "{2C9EA870-0607-4D95-BE2A-BFC58F1C95F9}"
EndProject
Project("{2150E333-8FDC-42A3-9474-1A3956D46DE8}") = "Day13", "Day13", "{14D63F59-AC7B-2C52-03FA-45EF92994E29}"
EndProject
Project("{FAE04EC0-301F-11D3-BF4B-00C04F79EFBC}") = "CustomerPropertyDemo", "Day13\CustomerPropertyDemo\CustomerPropertyDemo.csproj", "{3C1E48A2-27D4-41D4-9A91-7B04E4BCE2EE}"
EndProject
Project("{FAE04EC0-301F-11D3-BF4B-00C04F79EFBC}") = "OperatorOverloadingDemo", "Day13\OperatorOverloadingDemo\OperatorOverloadingDemo.csproj", "{9C8C72FF-FC4D-465C-B87D-BA450ABA9620}"
EndProject
Global
	GlobalSection(SolutionConfigurationPlatforms) = preSolution
		Debug|Any CPU = Debug|Any CPU
		Debug|x64 = Debug|x64
		Debug|x86 = Debug|x86
		Release|Any CPU = Release|Any CPU
		Release|x64 = Release|x64
		Release|x86 = Release|x86
	EndGlobalSection
	GlobalSection(ProjectConfigurationPlatforms) = postSolution
		{E77E377C-3BBF-7D29-C116-E8396BB1468E}.Debug|Any CPU.ActiveCfg = Debug|Any CPU
		{E77E377C-3BBF-7D29-C116-E8396BB1468E}.Debug|Any CPU.Build.0 = Debug|Any CPU
		{E77E377C-3BBF-7D29-C116-E8396BB1468E}.Debug|x64.ActiveCfg = Debug|Any CPU
		{E77E377C-3BBF-7D29-C116-E8396BB1468E}.Debug|x64.Build.0 = Debug|Any CPU
		{E77E377C-3BBF-7D29-C116-E8396BB1468E}.Debug|x86.ActiveCfg = Debug|Any CPU
		{E77E377C-3BBF-7D29-C116-E8396BB1468E}.Debug|x86.Build.0 = Debug|Any CPU
		{E77E377C-3BBF-7D29-C116-E8396BB1468E}.Release|Any CPU.ActiveCfg = Release|Any CPU
		{E77E377C-3BBF-7D29-C116-E8396BB1468E}.Release|Any CPU.Build.0 = Release|Any CPU
		{E77E377C-3BBF-7D29-C116-E8396BB1468E}.Release|x64.ActiveCfg = Release|Any CPU
		{E77E377C-3BBF-7D29-C116-E8396BB1468E}.Release|x64.Build.0 = Release|Any CPU
		{E77E377C-3BBF-7D29-C116-E8396BB1468E}.Release|x86.ActiveCfg = Release|Any CPU
		{E77E377C-3BBF-7D29-C116-E8396BB1468E}.Release|x86.Build.0 = Release|Any CPU
		{A5D15CCB-530A-474C-ABE7-05D5FE3E9BCE}.Debug|Any CPU.ActiveCfg = Debug|Any CPU
		{A5D15CCB-530A-474C-ABE7-05D5FE3E9BCE}.Debug|Any CPU.Build.0 = Debug|Any CPU
		{A5D15CCB-530A-474C-ABE7-05D5FE3E9BCE}.Debug|x64.ActiveCfg = Debug|Any CPU
		{A5D15CCB-530A-474C-ABE7-05D5FE3E9BCE}.Debug|x64.Build.0 = Debug|Any CPU
		{A5D15CCB-530A-474C-ABE7-05D5FE3E9BCE}.Debug|x86.ActiveCfg = Debug|Any CPU
		{A5D15CCB-530A-474C-ABE7-05D5FE3E9BCE}.Debug|x86.Build.0 = Debug|Any CPU
		{A5D15CCB-530A-474C-ABE7-05D5FE3E9BCE}.Release|Any CPU.ActiveCfg = Release|Any CPU
		{A5D15CCB-530A-474C-ABE7-05D5FE3E9BCE}.Release|Any CPU.Build.0 = Release|Any CPU
		{A5D15CCB-530A-474C-ABE7-05D5FE3E9BCE}.Release|x64.ActiveCfg = Release|Any CPU
		{A5D15CCB-530A-474C-ABE7-05D5FE3E9BCE}.Release|x64.Build.0 = Release|Any CPU
		{A5D15CCB-530A-474C-ABE7-05D5FE3E9BCE}.Release|x86.ActiveCfg = Release|Any CPU
		{A5D15CCB-530A-474C-ABE7-05D5FE3E9BCE}.Release|x86.Build.0 = Release|Any CPU
		{CEED3B63-7C5E-4D7C-9574-8A832E663E8C}.Debug|Any CPU.ActiveCfg = Debug|Any CPU
		{CEED3B63-7C5E-4D7C-9574-8A832E663E8C}.Debug|Any CPU.Build.0 = Debug|Any CPU
		{CEED3B63-7C5E-4D7C-9574-8A832E663E8C}.Debug|x64.ActiveCfg = Debug|Any CPU
		{CEED3B63-7C5E-4D7C-9574-8A832E663E8C}.Debug|x64.Build.0 = Debug|Any CPU
		{CEED3B63-7C5E-4D7C-9574-8A832E663E8C}.Debug|x86.ActiveCfg = Debug|Any CPU
		{CEED3B63-7C5E-4D7C-9574-8A832E663E8C}.Debug|x86.Build.0 = Debug|Any CPU
		{CEED3B63-7C5E-4D7C-9574-8A832E663E8C}.Release|Any CPU.ActiveCfg = Release|Any CPU
		{CEED3B63-7C5E-4D7C-9574-8A832E663E8C}.Release|Any CPU.Build.0 = Release|Any CPU
		{CEED3B63-7C5E-4D7C-9574-8A832E663E8C}.Release|x64.ActiveCfg = Release|Any CPU
		{CEED3B63-7C5E-4D7C-9574-8A832E663E8C}.Release|x64.Build.0 = Release|Any CPU
		{CEED3B63-7C5E-4D7C-9574-8A832E663E8C}.Release|x86.ActiveCfg = Release|Any CPU
		{CEED3B63-7C5E-4D7C-9574-8A832E663E8C}.Release|x86.Build.0 = Release|Any CPU
		{BCE3258C-E59B-4C06-BB04-BEA9C6B3EC0C}.Debug|Any CPU.ActiveCfg = Debug|Any CPU
		{BCE3258C-E59B-4C06-BB04-BEA9C6B3EC0C}.Debug|Any CPU.Build.0 = Debug|Any CPU
		{BCE3258C-E59B-4C06-BB04-BEA9C6B3EC0C}.Debug|x64.ActiveCfg = Debug|Any CPU
		{BCE3258C-E59B-4C06-BB04-BEA9C6B3EC0C}.Debug|x64.Build.0 = Debug|Any CPU
		{BCE3258C-E59B-4C06-BB04-BEA9C6B3EC0C}.Debug|x86.ActiveCfg = Debug|Any CPU
		{BCE3258C-E59B-4C06-BB04-BEA9C6B3EC0C}.Debug|x86.Build.0 = Debug|Any CPU
		{BCE3258C-E59B-4C06-BB04-BEA9C6B3EC0C}.Release|Any CPU.ActiveCfg = Release|Any CPU
		{BCE3258C-E59B-4C06-BB04-BEA9C6B3EC0C}.Release|Any CPU.Build.0 = Release|Any CPU
		{BCE3258C-E59B-4C06-BB04-BEA9C6B3EC0C}.Release|x64.ActiveCfg = Release|Any CPU
		{BCE3258C-E59B-4C06-BB04-BEA9C6B3EC0C}.Release|x64.Build.0 = Release|Any CPU
		{BCE3258C-E59B-4C06-BB04-BEA9C6B3EC0C}.Release|x86.ActiveCfg = Release|Any CPU
		{BCE3258C-E59B-4C06-BB04-BEA9C6B3EC0C}.Release|x86.Build.0 = Release|Any CPU
		{9373B82B-A1B1-441F-8E34-4F738F420730}.Debug|Any CPU.ActiveCfg = Debug|Any CPU
		{9373B82B-A1B1-441F-8E34-4F738F420730}.Debug|Any CPU.Build.0 = Debug|Any CPU
		{9373B82B-A1B1-441F-8E34-4F738F420730}.Debug|x64.ActiveCfg = Debug|Any CPU
		{9373B82B-A1B1-441F-8E34-4F738F420730}.Debug|x64.Build.0 = Debug|Any CPU
		{9373B82B-A1B1-441F-8E34-4F738F420730}.Debug|x86.ActiveCfg = Debug|Any CPU
		{9373B82B-A1B1-441F-8E34-4F738F420730}.Debug|x86.Build.0 = Debug|Any CPU
		{9373B82B-A1B1-441F-8E34-4F738F420730}.Release|Any CPU.ActiveCfg = Release|Any CPU
		{9373B82B-A1B1-441F-8E34-4F738F420730}.Release|Any CPU.Build.0 = Release|Any CPU
		{9373B82B-A1B1-441F-8E34-4F738F420730}.Release|x64.ActiveCfg = Release|Any CPU
		{9373B82B-A1B1-441F-8E34-4F738F420730}.Release|x64.Build.0 = Release|Any CPU
		{9373B82B-A1B1-441F-8E34-4F738F420730}.Release|x86.ActiveCfg = Release|Any CPU
		{9373B82B-A1B1-441F-8E34-4F738F420730}.Release|x86.Build.0 = Release|Any CPU
		{94FFD927-F7A8-4066-81DB-86463AD93CE9}.Debug|Any CPU.ActiveCfg = Debug|Any CPU
		{94FFD927-F7A8-4066-81DB-86463AD93CE9}.Debug|Any CPU.Build.0 = Debug|Any CPU
		{94FFD927-F7A8-4066-81DB-86463AD93CE9}.Debug|x64.ActiveCfg = Debug|Any CPU
		{94FFD927-F7A8-4066-81DB-86463AD93CE9}.Debug|x64.Build.0 = Debug|Any CPU
		{94FFD927-F7A8-4066-81DB-86463AD93CE9}.Debug|x86.ActiveCfg = Debug|Any CPU
		{94FFD927-F7A8-4066-81DB-86463AD93CE9}.Debug|x86.Build.0 = Debug|Any CPU
		{94FFD927-F7A8-4066-81DB-86463AD93CE9}.Release|Any CPU.ActiveCfg = Release|Any CPU
		{94FFD927-F7A8-4066-81DB-86463AD93CE9}.Release|Any CPU.Build.0 = Release|Any CPU
		{94FFD927-F7A8-4066-81DB-86463AD93CE9}.Release|x64.ActiveCfg = Release|Any CPU
		{94FFD927-F7A8-4066-81DB-86463AD93CE9}.Release|x64.Build.0 = Release|Any CPU
		{94FFD927-F7A8-4066-81DB-86463AD93CE9}.Release|x86.ActiveCfg = Release|Any CPU
		{94FFD927-F7A8-4066-81DB-86463AD93CE9}.Release|x86.Build.0 = Release|Any CPU
		{B5DFAC9D-F2FE-4DEC-A4E0-A8F8370CEAE0}.Debug|Any CPU.ActiveCfg = Debug|Any CPU
		{B5DFAC9D-F2FE-4DEC-A4E0-A8F8370CEAE0}.Debug|Any CPU.Build.0 = Debug|Any CPU
		{B5DFAC9D-F2FE-4DEC-A4E0-A8F8370CEAE0}.Debug|x64.ActiveCfg = Debug|Any CPU
		{B5DFAC9D-F2FE-4DEC-A4E0-A8F8370CEAE0}.Debug|x64.Build.0 = Debug|Any CPU
		{B5DFAC9D-F2FE-4DEC-A4E0-A8F8370CEAE0}.Debug|x86.ActiveCfg = Debug|Any CPU
		{B5DFAC9D-F2FE-4DEC-A4E0-A8F8370CEAE0}.Debug|x86.Build.0 = Debug|Any CPU
		{B5DFAC9D-F2FE-4DEC-A4E0-A8F8370CEAE0}.Release|Any CPU.ActiveCfg = Release|Any CPU
		{B5DFAC9D-F2FE-4DEC-A4E0-A8F8370CEAE0}.Release|Any CPU.Build.0 = Release|Any CPU
		{B5DFAC9D-F2FE-4DEC-A4E0-A8F8370CEAE0}.Release|x64.ActiveCfg = Release|Any CPU
		{B5DFAC9D-F2FE-4DEC-A4E0-A8F8370CEAE0}.Release|x64.Build.0 = Release|Any CPU
		{B5DFAC9D-F2FE-4DEC-A4E0-A8F8370CEAE0}.Release|x86.ActiveCfg = Release|Any CPU
		{B5DFAC9D-F2FE-4DEC-A4E0-A8F8370CEAE0}.Release|x86.Build.0 = Release|Any CPU
		{F3BE0C63-EA8E-439C-81C9-F30C41FAF74F}.Debug|Any CPU.ActiveCfg = Debug|Any CPU
		{F3BE0C63-EA8E-439C-81C9-F30C41FAF74F}.Debug|Any CPU.Build.0 = Debug|Any CPU
		{F3BE0C63-EA8E-439C-81C9-F30C41FAF74F}.Debug|x64.ActiveCfg = Debug|Any CPU
		{F3BE0C63-EA8E-439C-81C9-F30C41FAF74F}.Debug|x64.Build.0 = Debug|Any CPU
		{F3BE0C63-EA8E-439C-81C9-F30C41FAF74F}.Debug|x86.ActiveCfg = Debug|Any CPU
		{F3BE0C63-EA8E-439C-81C9-F30C41FAF74F}.Debug|x86.Build.0 = Debug|Any CPU
		{F3BE0C63-EA8E-439C-81C9-F30C41FAF74F}.Release|Any CPU.ActiveCfg = Release|Any CPU
		{F3BE0C63-EA8E-439C-81C9-F30C41FAF74F}.Release|Any CPU.Build.0 = Release|Any CPU
		{F3BE0C63-EA8E-439C-81C9-F30C41FAF74F}.Release|x64.ActiveCfg = Release|Any CPU
		{F3BE0C63-EA8E-439C-81C9-F30C41FAF74F}.Release|x64.Build.0 = Release|Any CPU
		{F3BE0C63-EA8E-439C-81C9-F30C41FAF74F}.Release|x86.ActiveCfg = Release|Any CPU
		{F3BE0C63-EA8E-439C-81C9-F30C41FAF74F}.Release|x86.Build.0 = Release|Any CPU
		{46BD1975-A865-4E4D-850F-E756D098B1ED}.Debug|Any CPU.ActiveCfg = Debug|Any CPU
		{46BD1975-A865-4E4D-850F-E756D098B1ED}.Debug|Any CPU.Build.0 = Debug|Any CPU
		{46BD1975-A865-4E4D-850F-E756D098B1ED}.Debug|x64.ActiveCfg = Debug|Any CPU
		{46BD1975-A865-4E4D-850F-E756D098B1ED}.Debug|x64.Build.0 = Debug|Any CPU
		{46BD1975-A865-4E4D-850F-E756D098B1ED}.Debug|x86.ActiveCfg = Debug|Any CPU
		{46BD1975-A865-4E4D-850F-E756D098B1ED}.Debug|x86.Build.0 = Debug|Any CPU
		{46BD1975-A865-4E4D-850F-E756D098B1ED}.Release|Any CPU.ActiveCfg = Release|Any CPU
		{46BD1975-A865-4E4D-850F-E756D098B1ED}.Release|Any CPU.Build.0 = Release|Any CPU
		{46BD1975-A865-4E4D-850F-E756D098B1ED}.Release|x64.ActiveCfg = Release|Any CPU
		{46BD1975-A865-4E4D-850F-E756D098B1ED}.Release|x64.Build.0 = Release|Any CPU
		{46BD1975-A865-4E4D-850F-E756D098B1ED}.Release|x86.ActiveCfg = Release|Any CPU
		{46BD1975-A865-4E4D-850F-E756D098B1ED}.Release|x86.Build.0 = Release|Any CPU
		{677E7EE4-9E16-44A3-AF43-E8D015519C43}.Debug|Any CPU.ActiveCfg = Debug|Any CPU
		{677E7EE4-9E16-44A3-AF43-E8D015519C43}.Debug|Any CPU.Build.0 = Debug|Any CPU
		{677E7EE4-9E16-44A3-AF43-E8D015519C43}.Debug|x64.ActiveCfg = Debug|Any CPU
		{677E7EE4-9E16-44A3-AF43-E8D015519C43}.Debug|x64.Build.0 = Debug|Any CPU
		{677E7EE4-9E16-44A3-AF43-E8D015519C43}.Debug|x86.ActiveCfg = Debug|Any CPU
		{677E7EE4-9E16-44A3-AF43-E8D015519C43}.Debug|x86.Build.0 = Debug|Any CPU
		{677E7EE4-9E16-44A3-AF43-E8D015519C43}.Release|Any CPU.ActiveCfg = Release|Any CPU
		{677E7EE4-9E16-44A3-AF43-E8D015519C43}.Release|Any CPU.Build.0 = Release|Any CPU
		{677E7EE4-9E16-44A3-AF43-E8D015519C43}.Release|x64.ActiveCfg = Release|Any CPU
		{677E7EE4-9E16-44A3-AF43-E8D015519C43}.Release|x64.Build.0 = Release|Any CPU
		{677E7EE4-9E16-44A3-AF43-E8D015519C43}.Release|x86.ActiveCfg = Release|Any CPU
		{677E7EE4-9E16-44A3-AF43-E8D015519C43}.Release|x86.Build.0 = Release|Any CPU
		{6BEA04FF-0142-41CA-8F59-93E8C0529B46}.Debug|Any CPU.ActiveCfg = Debug|Any CPU
		{6BEA04FF-0142-41CA-8F59-93E8C0529B46}.Debug|Any CPU.Build.0 = Debug|Any CPU
		{6BEA04FF-0142-41CA-8F59-93E8C0529B46}.Debug|x64.ActiveCfg = Debug|Any CPU
		{6BEA04FF-0142-41CA-8F59-93E8C0529B46}.Debug|x64.Build.0 = Debug|Any CPU
		{6BEA04FF-0142-41CA-8F59-93E8C0529B46}.Debug|x86.ActiveCfg = Debug|Any CPU
		{6BEA04FF-0142-41CA-8F59-93E8C0529B46}.Debug|x86.Build.0 = Debug|Any CPU
		{6BEA04FF-0142-41CA-8F59-93E8C0529B46}.Release|Any CPU.ActiveCfg = Release|Any CPU
		{6BEA04FF-0142-41CA-8F59-93E8C0529B46}.Release|Any CPU.Build.0 = Release|Any CPU
		{6BEA04FF-0142-41CA-8F59-93E8C0529B46}.Release|x64.ActiveCfg = Release|Any CPU
		{6BEA04FF-0142-41CA-8F59-93E8C0529B46}.Release|x64.Build.0 = Release|Any CPU
		{6BEA04FF-0142-41CA-8F59-93E8C0529B46}.Release|x86.ActiveCfg = Release|Any CPU
		{6BEA04FF-0142-41CA-8F59-93E8C0529B46}.Release|x86.Build.0 = Release|Any CPU
		{99F11E27-C085-4841-8E37-8C7655EE56A0}.Debug|Any CPU.ActiveCfg = Debug|Any CPU
		{99F11E27-C085-4841-8E37-8C7655EE56A0}.Debug|Any CPU.Build.0 = Debug|Any CPU
		{99F11E27-C085-4841-8E37-8C7655EE56A0}.Debug|x64.ActiveCfg = Debug|Any CPU
		{99F11E27-C085-4841-8E37-8C7655EE56A0}.Debug|x64.Build.0 = Debug|Any CPU
		{99F11E27-C085-4841-8E37-8C7655EE56A0}.Debug|x86.ActiveCfg = Debug|Any CPU
		{99F11E27-C085-4841-8E37-8C7655EE56A0}.Debug|x86.Build.0 = Debug|Any CPU
		{99F11E27-C085-4841-8E37-8C7655EE56A0}.Release|Any CPU.ActiveCfg = Release|Any CPU
		{99F11E27-C085-4841-8E37-8C7655EE56A0}.Release|Any CPU.Build.0 = Release|Any CPU
		{99F11E27-C085-4841-8E37-8C7655EE56A0}.Release|x64.ActiveCfg = Release|Any CPU
		{99F11E27-C085-4841-8E37-8C7655EE56A0}.Release|x64.Build.0 = Release|Any CPU
		{99F11E27-C085-4841-8E37-8C7655EE56A0}.Release|x86.ActiveCfg = Release|Any CPU
		{99F11E27-C085-4841-8E37-8C7655EE56A0}.Release|x86.Build.0 = Release|Any CPU
		{83072104-82EA-45CF-B8E2-A03C318CA18B}.Debug|Any CPU.ActiveCfg = Debug|Any CPU
		{83072104-82EA-45CF-B8E2-A03C318CA18B}.Debug|Any CPU.Build.0 = Debug|Any CPU
		{83072104-82EA-45CF-B8E2-A03C318CA18B}.Debug|x64.ActiveCfg = Debug|Any CPU
		{83072104-82EA-45CF-B8E2-A03C318CA18B}.Debug|x64.Build.0 = Debug|Any CPU
		{83072104-82EA-45CF-B8E2-A03C318CA18B}.Debug|x86.ActiveCfg = Debug|Any CPU
		{83072104-82EA-45CF-B8E2-A03C318CA18B}.Debug|x86.Build.0 = Debug|Any CPU
		{83072104-82EA-45CF-B8E2-A03C318CA18B}.Release|Any CPU.ActiveCfg = Release|Any CPU
		{83072104-82EA-45CF-B8E2-A03C318CA18B}.Release|Any CPU.Build.0 = Release|Any CPU
		{83072104-82EA-45CF-B8E2-A03C318CA18B}.Release|x64.ActiveCfg = Release|Any CPU
		{83072104-82EA-45CF-B8E2-A03C318CA18B}.Release|x64.Build.0 = Release|Any CPU
		{83072104-82EA-45CF-B8E2-A03C318CA18B}.Release|x86.ActiveCfg = Release|Any CPU
		{83072104-82EA-45CF-B8E2-A03C318CA18B}.Release|x86.Build.0 = Release|Any CPU
		{7A7A8E9E-96FF-4657-9D80-E306EDDE83AE}.Debug|Any CPU.ActiveCfg = Debug|Any CPU
		{7A7A8E9E-96FF-4657-9D80-E306EDDE83AE}.Debug|Any CPU.Build.0 = Debug|Any CPU
		{7A7A8E9E-96FF-4657-9D80-E306EDDE83AE}.Debug|x64.ActiveCfg = Debug|Any CPU
		{7A7A8E9E-96FF-4657-9D80-E306EDDE83AE}.Debug|x64.Build.0 = Debug|Any CPU
		{7A7A8E9E-96FF-4657-9D80-E306EDDE83AE}.Debug|x86.ActiveCfg = Debug|Any CPU
		{7A7A8E9E-96FF-4657-9D80-E306EDDE83AE}.Debug|x86.Build.0 = Debug|Any CPU
		{7A7A8E9E-96FF-4657-9D80-E306EDDE83AE}.Release|Any CPU.ActiveCfg = Release|Any CPU
		{7A7A8E9E-96FF-4657-9D80-E306EDDE83AE}.Release|Any CPU.Build.0 = Release|Any CPU
		{7A7A8E9E-96FF-4657-9D80-E306EDDE83AE}.Release|x64.ActiveCfg = Release|Any CPU
		{7A7A8E9E-96FF-4657-9D80-E306EDDE83AE}.Release|x64.Build.0 = Release|Any CPU
		{7A7A8E9E-96FF-4657-9D80-E306EDDE83AE}.Release|x86.ActiveCfg = Release|Any CPU
		{7A7A8E9E-96FF-4657-9D80-E306EDDE83AE}.Release|x86.Build.0 = Release|Any CPU
		{2C9EA870-0607-4D95-BE2A-BFC58F1C95F9}.Debug|Any CPU.ActiveCfg = Debug|Any CPU
		{2C9EA870-0607-4D95-BE2A-BFC58F1C95F9}.Debug|Any CPU.Build.0 = Debug|Any CPU
		{2C9EA870-0607-4D95-BE2A-BFC58F1C95F9}.Debug|x64.ActiveCfg = Debug|Any CPU
		{2C9EA870-0607-4D95-BE2A-BFC58F1C95F9}.Debug|x64.Build.0 = Debug|Any CPU
		{2C9EA870-0607-4D95-BE2A-BFC58F1C95F9}.Debug|x86.ActiveCfg = Debug|Any CPU
		{2C9EA870-0607-4D95-BE2A-BFC58F1C95F9}.Debug|x86.Build.0 = Debug|Any CPU
		{2C9EA870-0607-4D95-BE2A-BFC58F1C95F9}.Release|Any CPU.ActiveCfg = Release|Any CPU
		{2C9EA870-0607-4D95-BE2A-BFC58F1C95F9}.Release|Any CPU.Build.0 = Release|Any CPU
		{2C9EA870-0607-4D95-BE2A-BFC58F1C95F9}.Release|x64.ActiveCfg = Release|Any CPU
		{2C9EA870-0607-4D95-BE2A-BFC58F1C95F9}.Release|x64.Build.0 = Release|Any CPU
		{2C9EA870-0607-4D95-BE2A-BFC58F1C95F9}.Release|x86.ActiveCfg = Release|Any CPU
		{2C9EA870-0607-4D95-BE2A-BFC58F1C95F9}.Release|x86.Build.0 = Release|Any CPU
		{3C1E48A2-27D4-41D4-9A91-7B04E4BCE2EE}.Debug|Any CPU.ActiveCfg = Debug|Any CPU
		{3C1E48A2-27D4-41D4-9A91-7B04E4BCE2EE}.Debug|Any CPU.Build.0 = Debug|Any CPU
		{3C1E48A2-27D4-41D4-9A91-7B04E4BCE2EE}.Debug|x64.ActiveCfg = Debug|Any CPU
		{3C1E48A2-27D4-41D4-9A91-7B04E4BCE2EE}.Debug|x64.Build.0 = Debug|Any CPU
		{3C1E48A2-27D4-41D4-9A91-7B04E4BCE2EE}.Debug|x86.ActiveCfg = Debug|Any CPU
		{3C1E48A2-27D4-41D4-9A91-7B04E4BCE2EE}.Debug|x86.Build.0 = Debug|Any CPU
		{3C1E48A2-27D4-41D4-9A91-7B04E4BCE2EE}.Release|Any CPU.ActiveCfg = Release|Any CPU
		{3C1E48A2-27D4-41D4-9A91-7B04E4BCE2EE}.Release|Any CPU.Build.0 = Release|Any CPU
		{3C1E48A2-27D4-41D4-9A91-7B04E4BCE2EE}.Release|x64.ActiveCfg = Release|Any CPU
		{3C1E48A2-27D4-41D4-9A91-7B04E4BCE2EE}.Release|x64.Build.0 = Release|Any CPU
		{3C1E48A2-27D4-41D4-9A91-7B04E4BCE2EE}.Release|x86.ActiveCfg = Release|Any CPU
		{3C1E48A2-27D4-41D4-9A91-7B04E4BCE2EE}.Release|x86.Build.0 = Release|Any CPU
		{9C8C72FF-FC4D-465C-B87D-BA450ABA9620}.Debug|Any CPU.ActiveCfg = Debug|Any CPU
		{9C8C72FF-FC4D-465C-B87D-BA450ABA9620}.Debug|Any CPU.Build.0 = Debug|Any CPU
		{9C8C72FF-FC4D-465C-B87D-BA450ABA9620}.Debug|x64.ActiveCfg = Debug|Any CPU
		{9C8C72FF-FC4D-465C-B87D-BA450ABA9620}.Debug|x64.Build.0 = Debug|Any CPU
		{9C8C72FF-FC4D-465C-B87D-BA450ABA9620}.Debug|x86.ActiveCfg = Debug|Any CPU
		{9C8C72FF-FC4D-465C-B87D-BA450ABA9620}.Debug|x86.Build.0 = Debug|Any CPU
		{9C8C72FF-FC4D-465C-B87D-BA450ABA9620}.Release|Any CPU.ActiveCfg = Release|Any CPU
		{9C8C72FF-FC4D-465C-B87D-BA450ABA9620}.Release|Any CPU.Build.0 = Release|Any CPU
		{9C8C72FF-FC4D-465C-B87D-BA450ABA9620}.Release|x64.ActiveCfg = Release|Any CPU
		{9C8C72FF-FC4D-465C-B87D-BA450ABA9620}.Release|x64.Build.0 = Release|Any CPU
		{9C8C72FF-FC4D-465C-B87D-BA450ABA9620}.Release|x86.ActiveCfg = Release|Any CPU
		{9C8C72FF-FC4D-465C-B87D-BA450ABA9620}.Release|x86.Build.0 = Release|Any CPU
	EndGlobalSection
	GlobalSection(SolutionProperties) = preSolution
		HideSolutionNode = FALSE
	EndGlobalSection
	GlobalSection(NestedProjects) = preSolution
		{9373B82B-A1B1-441F-8E34-4F738F420730} = {EEE8E9CC-434D-767C-89BF-4DEA6D9321F4}
		{94FFD927-F7A8-4066-81DB-86463AD93CE9} = {0D6DF47C-C068-17BA-1918-83654DEB94C5}
		{B5DFAC9D-F2FE-4DEC-A4E0-A8F8370CEAE0} = {0D6DF47C-C068-17BA-1918-83654DEB94C5}
		{F3BE0C63-EA8E-439C-81C9-F30C41FAF74F} = {F00FB37B-F1E0-522A-949E-F28A4AF65220}
		{46BD1975-A865-4E4D-850F-E756D098B1ED} = {F00FB37B-F1E0-522A-949E-F28A4AF65220}
		{677E7EE4-9E16-44A3-AF43-E8D015519C43} = {A1EE1443-C88F-1FA8-99D6-AF0A7BD45068}
		{6BEA04FF-0142-41CA-8F59-93E8C0529B46} = {A1EE1443-C88F-1FA8-99D6-AF0A7BD45068}
		{99F11E27-C085-4841-8E37-8C7655EE56A0} = {A1EE1443-C88F-1FA8-99D6-AF0A7BD45068}
		{83072104-82EA-45CF-B8E2-A03C318CA18B} = {A1EE1443-C88F-1FA8-99D6-AF0A7BD45068}
		{7A7A8E9E-96FF-4657-9D80-E306EDDE83AE} = {A1EE1443-C88F-1FA8-99D6-AF0A7BD45068}
		{2C9EA870-0607-4D95-BE2A-BFC58F1C95F9} = {A1EE1443-C88F-1FA8-99D6-AF0A7BD45068}
		{3C1E48A2-27D4-41D4-9A91-7B04E4BCE2EE} = {14D63F59-AC7B-2C52-03FA-45EF92994E29}
		{9C8C72FF-FC4D-465C-B87D-BA450ABA9620} = {14D63F59-AC7B-2C52-03FA-45EF92994E29}
	EndGlobalSection
	GlobalSection(ExtensibilityGlobals) = postSolution
		SolutionGuid = {568CFBCB-9929-4255-95CC-235A16133E8C}
	EndGlobalSection
EndGlobal
