
Microsoft Visual Studio Solution File, Format Version 12.00
# Visual Studio Version 17
VisualStudioVersion = 17.5.2.0
MinimumVisualStudioVersion = 10.0.40219.1
Project("{FAE04EC0-301F-11D3-BF4B-00C04F79EFBC}") = "Day2Demo", "Day2Demo\Day2Demo.csproj", "{E77E377C-3BBF-7D29-C116-E8396BB1468E}"
EndProject
Project("{FAE04EC0-301F-11D3-BF4B-00C04F79EFBC}") = "Day3", "Day3\Day3.csproj", "{A5D15CCB-530A-474C-ABE7-05D5FE3E9BCE}"
EndProject
Project("{FAE04EC0-301F-11D3-BF4B-00C04F79EFBC}") = "Day4", "Day4\Day4.csproj", "{CEED3B63-7C5E-4D7C-9574-8A832E663E8C}"
EndProject
Project("{FAE04EC0-301F-11D3-BF4B-00C04F79EFBC}") = "Day5", "Day5\Day5.csproj", "{BCE3258C-E59B-4C06-BB04-BEA9C6B3EC0C}"
EndProject
Project("{2150E333-8FDC-42A3-9474-1A3956D46DE8}") = "Day6", "Day6", "{EEE8E9CC-434D-767C-89BF-4DEA6D9321F4}"
EndProject
Project("{FAE04EC0-301F-11D3-BF4B-00C04F79EFBC}") = "library_management_system", "Day6\library_management_system\library_management_system.csproj", "{9373B82B-A1B1-441F-8E34-4F738F420730}"
EndProject
Project("{2150E333-8FDC-42A3-9474-1A3956D46DE8}") = "Day7", "Day7", "{0D6DF47C-C068-17BA-1918-83654DEB94C5}"
EndProject
Project("{FAE04EC0-301F-11D3-BF4B-00C04F79EFBC}") = "UI_Proj", "Day7\UI_Proj\UI_Proj.csproj", "{94FFD927-F7A8-4066-81DB-86463AD93CE9}"
EndProject
Project("{FAE04EC0-301F-11D3-BF4B-00C04F79EFBC}") = "BL_Proj", "Day7\BL_Proj\BL_Proj.csproj", "{B5DFAC9D-F2FE-4DEC-A4E0-A8F8370CEAE0}"
EndProject
Global
	GlobalSection(SolutionConfigurationPlatforms) = preSolution
		Debug|Any CPU = Debug|Any CPU
		Debug|x64 = Debug|x64
		Debug|x86 = Debug|x86
		Release|Any CPU = Release|Any CPU
		Release|x64 = Release|x64
		Release|x86 = Release|x86
	EndGlobalSection
	GlobalSection(ProjectConfigurationPlatforms) = postSolution
		{E77E377C-3BBF-7D29-C116-E8396BB1468E}.Debug|Any CPU.ActiveCfg = Debug|Any CPU
		{E77E377C-3BBF-7D29-C116-E8396BB1468E}.Debug|Any CPU.Build.0 = Debug|Any CPU
		{E77E377C-3BBF-7D29-C116-E8396BB1468E}.Debug|x64.ActiveCfg = Debug|Any CPU
		{E77E377C-3BBF-7D29-C116-E8396BB1468E}.Debug|x64.Build.0 = Debug|Any CPU
		{E77E377C-3BBF-7D29-C116-E8396BB1468E}.Debug|x86.ActiveCfg = Debug|Any CPU
		{E77E377C-3BBF-7D29-C116-E8396BB1468E}.Debug|x86.Build.0 = Debug|Any CPU
		{E77E377C-3BBF-7D29-C116-E8396BB1468E}.Release|Any CPU.ActiveCfg = Release|Any CPU
		{E77E377C-3BBF-7D29-C116-E8396BB1468E}.Release|Any CPU.Build.0 = Release|Any CPU
		{E77E377C-3BBF-7D29-C116-E8396BB1468E}.Release|x64.ActiveCfg = Release|Any CPU
		{E77E377C-3BBF-7D29-C116-E8396BB1468E}.Release|x64.Build.0 = Release|Any CPU
		{E77E377C-3BBF-7D29-C116-E8396BB1468E}.Release|x86.ActiveCfg = Release|Any CPU
		{E77E377C-3BBF-7D29-C116-E8396BB1468E}.Release|x86.Build.0 = Release|Any CPU
		{A5D15CCB-530A-474C-ABE7-05D5FE3E9BCE}.Debug|Any CPU.ActiveCfg = Debug|Any CPU
		{A5D15CCB-530A-474C-ABE7-05D5FE3E9BCE}.Debug|Any CPU.Build.0 = Debug|Any CPU
		{A5D15CCB-530A-474C-ABE7-05D5FE3E9BCE}.Debug|x64.ActiveCfg = Debug|Any CPU
		{A5D15CCB-530A-474C-ABE7-05D5FE3E9BCE}.Debug|x64.Build.0 = Debug|Any CPU
		{A5D15CCB-530A-474C-ABE7-05D5FE3E9BCE}.Debug|x86.ActiveCfg = Debug|Any CPU
		{A5D15CCB-530A-474C-ABE7-05D5FE3E9BCE}.Debug|x86.Build.0 = Debug|Any CPU
		{A5D15CCB-530A-474C-ABE7-05D5FE3E9BCE}.Release|Any CPU.ActiveCfg = Release|Any CPU
		{A5D15CCB-530A-474C-ABE7-05D5FE3E9BCE}.Release|Any CPU.Build.0 = Release|Any CPU
		{A5D15CCB-530A-474C-ABE7-05D5FE3E9BCE}.Release|x64.ActiveCfg = Release|Any CPU
		{A5D15CCB-530A-474C-ABE7-05D5FE3E9BCE}.Release|x64.Build.0 = Release|Any CPU
		{A5D15CCB-530A-474C-ABE7-05D5FE3E9BCE}.Release|x86.ActiveCfg = Release|Any CPU
		{A5D15CCB-530A-474C-ABE7-05D5FE3E9BCE}.Release|x86.Build.0 = Release|Any CPU
		{CEED3B63-7C5E-4D7C-9574-8A832E663E8C}.Debug|Any CPU.ActiveCfg = Debug|Any CPU
		{CEED3B63-7C5E-4D7C-9574-8A832E663E8C}.Debug|Any CPU.Build.0 = Debug|Any CPU
		{CEED3B63-7C5E-4D7C-9574-8A832E663E8C}.Debug|x64.ActiveCfg = Debug|Any CPU
		{CEED3B63-7C5E-4D7C-9574-8A832E663E8C}.Debug|x64.Build.0 = Debug|Any CPU
		{CEED3B63-7C5E-4D7C-9574-8A832E663E8C}.Debug|x86.ActiveCfg = Debug|Any CPU
		{CEED3B63-7C5E-4D7C-9574-8A832E663E8C}.Debug|x86.Build.0 = Debug|Any CPU
		{CEED3B63-7C5E-4D7C-9574-8A832E663E8C}.Release|Any CPU.ActiveCfg = Release|Any CPU
		{CEED3B63-7C5E-4D7C-9574-8A832E663E8C}.Release|Any CPU.Build.0 = Release|Any CPU
		{CEED3B63-7C5E-4D7C-9574-8A832E663E8C}.Release|x64.ActiveCfg = Release|Any CPU
		{CEED3B63-7C5E-4D7C-9574-8A832E663E8C}.Release|x64.Build.0 = Release|Any CPU
		{CEED3B63-7C5E-4D7C-9574-8A832E663E8C}.Release|x86.ActiveCfg = Release|Any CPU
		{CEED3B63-7C5E-4D7C-9574-8A832E663E8C}.Release|x86.Build.0 = Release|Any CPU
		{BCE3258C-E59B-4C06-BB04-BEA9C6B3EC0C}.Debug|Any CPU.ActiveCfg = Debug|Any CPU
		{BCE3258C-E59B-4C06-BB04-BEA9C6B3EC0C}.Debug|Any CPU.Build.0 = Debug|Any CPU
		{BCE3258C-E59B-4C06-BB04-BEA9C6B3EC0C}.Debug|x64.ActiveCfg = Debug|Any CPU
		{BCE3258C-E59B-4C06-BB04-BEA9C6B3EC0C}.Debug|x64.Build.0 = Debug|Any CPU
		{BCE3258C-E59B-4C06-BB04-BEA9C6B3EC0C}.Debug|x86.ActiveCfg = Debug|Any CPU
		{BCE3258C-E59B-4C06-BB04-BEA9C6B3EC0C}.Debug|x86.Build.0 = Debug|Any CPU
		{BCE3258C-E59B-4C06-BB04-BEA9C6B3EC0C}.Release|Any CPU.ActiveCfg = Release|Any CPU
		{BCE3258C-E59B-4C06-BB04-BEA9C6B3EC0C}.Release|Any CPU.Build.0 = Release|Any CPU
		{BCE3258C-E59B-4C06-BB04-BEA9C6B3EC0C}.Release|x64.ActiveCfg = Release|Any CPU
		{BCE3258C-E59B-4C06-BB04-BEA9C6B3EC0C}.Release|x64.Build.0 = Release|Any CPU
		{BCE3258C-E59B-4C06-BB04-BEA9C6B3EC0C}.Release|x86.ActiveCfg = Release|Any CPU
		{BCE3258C-E59B-4C06-BB04-BEA9C6B3EC0C}.Release|x86.Build.0 = Release|Any CPU
		{9373B82B-A1B1-441F-8E34-4F738F420730}.Debug|Any CPU.ActiveCfg = Debug|Any CPU
		{9373B82B-A1B1-441F-8E34-4F738F420730}.Debug|Any CPU.Build.0 = Debug|Any CPU
		{9373B82B-A1B1-441F-8E34-4F738F420730}.Debug|x64.ActiveCfg = Debug|Any CPU
		{9373B82B-A1B1-441F-8E34-4F738F420730}.Debug|x64.Build.0 = Debug|Any CPU
		{9373B82B-A1B1-441F-8E34-4F738F420730}.Debug|x86.ActiveCfg = Debug|Any CPU
		{9373B82B-A1B1-441F-8E34-4F738F420730}.Debug|x86.Build.0 = Debug|Any CPU
		{9373B82B-A1B1-441F-8E34-4F738F420730}.Release|Any CPU.ActiveCfg = Release|Any CPU
		{9373B82B-A1B1-441F-8E34-4F738F420730}.Release|Any CPU.Build.0 = Release|Any CPU
		{9373B82B-A1B1-441F-8E34-4F738F420730}.Release|x64.ActiveCfg = Release|Any CPU
		{9373B82B-A1B1-441F-8E34-4F738F420730}.Release|x64.Build.0 = Release|Any CPU
		{9373B82B-A1B1-441F-8E34-4F738F420730}.Release|x86.ActiveCfg = Release|Any CPU
		{9373B82B-A1B1-441F-8E34-4F738F420730}.Release|x86.Build.0 = Release|Any CPU
		{94FFD927-F7A8-4066-81DB-86463AD93CE9}.Debug|Any CPU.ActiveCfg = Debug|Any CPU
		{94FFD927-F7A8-4066-81DB-86463AD93CE9}.Debug|Any CPU.Build.0 = Debug|Any CPU
		{94FFD927-F7A8-4066-81DB-86463AD93CE9}.Debug|x64.ActiveCfg = Debug|Any CPU
		{94FFD927-F7A8-4066-81DB-86463AD93CE9}.Debug|x64.Build.0 = Debug|Any CPU
		{94FFD927-F7A8-4066-81DB-86463AD93CE9}.Debug|x86.ActiveCfg = Debug|Any CPU
		{94FFD927-F7A8-4066-81DB-86463AD93CE9}.Debug|x86.Build.0 = Debug|Any CPU
		{94FFD927-F7A8-4066-81DB-86463AD93CE9}.Release|Any CPU.ActiveCfg = Release|Any CPU
		{94FFD927-F7A8-4066-81DB-86463AD93CE9}.Release|Any CPU.Build.0 = Release|Any CPU
		{94FFD927-F7A8-4066-81DB-86463AD93CE9}.Release|x64.ActiveCfg = Release|Any CPU
		{94FFD927-F7A8-4066-81DB-86463AD93CE9}.Release|x64.Build.0 = Release|Any CPU
		{94FFD927-F7A8-4066-81DB-86463AD93CE9}.Release|x86.ActiveCfg = Release|Any CPU
		{94FFD927-F7A8-4066-81DB-86463AD93CE9}.Release|x86.Build.0 = Release|Any CPU
		{B5DFAC9D-F2FE-4DEC-A4E0-A8F8370CEAE0}.Debug|Any CPU.ActiveCfg = Debug|Any CPU
		{B5DFAC9D-F2FE-4DEC-A4E0-A8F8370CEAE0}.Debug|Any CPU.Build.0 = Debug|Any CPU
		{B5DFAC9D-F2FE-4DEC-A4E0-A8F8370CEAE0}.Debug|x64.ActiveCfg = Debug|Any CPU
		{B5DFAC9D-F2FE-4DEC-A4E0-A8F8370CEAE0}.Debug|x64.Build.0 = Debug|Any CPU
		{B5DFAC9D-F2FE-4DEC-A4E0-A8F8370CEAE0}.Debug|x86.ActiveCfg = Debug|Any CPU
		{B5DFAC9D-F2FE-4DEC-A4E0-A8F8370CEAE0}.Debug|x86.Build.0 = Debug|Any CPU
		{B5DFAC9D-F2FE-4DEC-A4E0-A8F8370CEAE0}.Release|Any CPU.ActiveCfg = Release|Any CPU
		{B5DFAC9D-F2FE-4DEC-A4E0-A8F8370CEAE0}.Release|Any CPU.Build.0 = Release|Any CPU
		{B5DFAC9D-F2FE-4DEC-A4E0-A8F8370CEAE0}.Release|x64.ActiveCfg = Release|Any CPU
		{B5DFAC9D-F2FE-4DEC-A4E0-A8F8370CEAE0}.Release|x64.Build.0 = Release|Any CPU
		{B5DFAC9D-F2FE-4DEC-A4E0-A8F8370CEAE0}.Release|x86.ActiveCfg = Release|Any CPU
		{B5DFAC9D-F2FE-4DEC-A4E0-A8F8370CEAE0}.Release|x86.Build.0 = Release|Any CPU
	EndGlobalSection
	GlobalSection(SolutionProperties) = preSolution
		HideSolutionNode = FALSE
	EndGlobalSection
	GlobalSection(NestedProjects) = preSolution
		{9373B82B-A1B1-441F-8E34-4F738F420730} = {EEE8E9CC-434D-767C-89BF-4DEA6D9321F4}
		{94FFD927-F7A8-4066-81DB-86463AD93CE9} = {0D6DF47C-C068-17BA-1918-83654DEB94C5}
		{B5DFAC9D-F2FE-4DEC-A4E0-A8F8370CEAE0} = {0D6DF47C-C068-17BA-1918-83654DEB94C5}
	EndGlobalSection
	GlobalSection(ExtensibilityGlobals) = postSolution
		SolutionGuid = {568CFBCB-9929-4255-95CC-235A16133E8C}
	EndGlobalSection
EndGlobal
