Microsoft Visual Studio Solution File, Format Version 12.00
# Visual Studio Version 17
VisualStudioVersion = 17.5.2.0
MinimumVisualStudioVersion = 10.0.40219.1
Project("{FAE04EC0-301F-11D3-BF4B-00C04F79EFBC}") = "Csharp8NewFeatures", "Csharp8NewFeatures.csproj", "{6F8A72B6-1338-5220-BB5E-FF987F6E3DDF}"
EndProject
Global
	GlobalSection(SolutionConfigurationPlatforms) = preSolution
		Debug|Any CPU = Debug|Any CPU
		Release|Any CPU = Release|Any CPU
	EndGlobalSection
	GlobalSection(ProjectConfigurationPlatforms) = postSolution
		{6F8A72B6-1338-5220-BB5E-FF987F6E3DDF}.Debug|Any CPU.ActiveCfg = Debug|Any CPU
		{6F8A72B6-1338-5220-BB5E-FF987F6E3DDF}.Debug|Any CPU.Build.0 = Debug|Any CPU
		{6F8A72B6-1338-5220-BB5E-FF987F6E3DDF}.Release|Any CPU.ActiveCfg = Release|Any CPU
		{6F8A72B6-1338-5220-BB5E-FF987F6E3DDF}.Release|Any CPU.Build.0 = Release|Any CPU
	EndGlobalSection
	GlobalSection(SolutionProperties) = preSolution
		HideSolutionNode = FALSE
	EndGlobalSection
	GlobalSection(ExtensibilityGlobals) = postSolution
		SolutionGuid = {84D49303-1740-4CF6-91B6-1FB06B193C3C}
	EndGlobalSection
EndGlobal
