Microsoft Visual Studio Solution File, Format Version 12.00
# Visual Studio Version 17
VisualStudioVersion = 17.5.2.0
MinimumVisualStudioVersion = 10.0.40219.1
Project("{FAE04EC0-301F-11D3-BF4B-00C04F79EFBC}") = "LBMS", "LBMS.csproj", "{0BAFE872-8F01-550F-3F48-130139989644}"
EndProject
Global
	GlobalSection(SolutionConfigurationPlatforms) = preSolution
		Debug|Any CPU = Debug|Any CPU
		Release|Any CPU = Release|Any CPU
	EndGlobalSection
	GlobalSection(ProjectConfigurationPlatforms) = postSolution
		{0BAFE872-8F01-550F-3F48-130139989644}.Debug|Any CPU.ActiveCfg = Debug|Any CPU
		{0BAFE872-8F01-550F-3F48-130139989644}.Debug|Any CPU.Build.0 = Debug|Any CPU
		{0BAFE872-8F01-550F-3F48-130139989644}.Release|Any CPU.ActiveCfg = Release|Any CPU
		{0BAFE872-8F01-550F-3F48-130139989644}.Release|Any CPU.Build.0 = Release|Any CPU
	EndGlobalSection
	GlobalSection(SolutionProperties) = preSolution
		HideSolutionNode = FALSE
	EndGlobalSection
	GlobalSection(ExtensibilityGlobals) = postSolution
		SolutionGuid = {073D9B30-CD7E-4725-898E-BD64F76B7ED5}
	EndGlobalSection
EndGlobal
