
Microsoft Visual Studio Solution File, Format Version 12.00
# Visual Studio Version 17
VisualStudioVersion = 17.5.2.0
MinimumVisualStudioVersion = 10.0.40219.1
Project("{FAE04EC0-301F-11D3-BF4B-00C04F79EFBC}") = "LogisticProShipment", "LogisticProShipment.csproj", "{953C6AED-7DDF-BB54-66C3-C81D003CBBA8}"
EndProject
Project("{FAE04EC0-301F-11D3-BF4B-00C04F79EFBC}") = "EComm", "..\EComm\EComm.csproj", "{386CDCF5-8F6C-451D-A5E8-5B708CEFCFFA}"
EndProject
Global
	GlobalSection(SolutionConfigurationPlatforms) = preSolution
		Debug|Any CPU = Debug|Any CPU
		Debug|x64 = Debug|x64
		Debug|x86 = Debug|x86
		Release|Any CPU = Release|Any CPU
		Release|x64 = Release|x64
		Release|x86 = Release|x86
	EndGlobalSection
	GlobalSection(ProjectConfigurationPlatforms) = postSolution
		{953C6AED-7DDF-BB54-66C3-C81D003CBBA8}.Debug|Any CPU.ActiveCfg = Debug|Any CPU
		{953C6AED-7DDF-BB54-66C3-C81D003CBBA8}.Debug|Any CPU.Build.0 = Debug|Any CPU
		{953C6AED-7DDF-BB54-66C3-C81D003CBBA8}.Debug|x64.ActiveCfg = Debug|Any CPU
		{953C6AED-7DDF-BB54-66C3-C81D003CBBA8}.Debug|x64.Build.0 = Debug|Any CPU
		{953C6AED-7DDF-BB54-66C3-C81D003CBBA8}.Debug|x86.ActiveCfg = Debug|Any CPU
		{953C6AED-7DDF-BB54-66C3-C81D003CBBA8}.Debug|x86.Build.0 = Debug|Any CPU
		{953C6AED-7DDF-BB54-66C3-C81D003CBBA8}.Release|Any CPU.ActiveCfg = Release|Any CPU
		{953C6AED-7DDF-BB54-66C3-C81D003CBBA8}.Release|Any CPU.Build.0 = Release|Any CPU
		{953C6AED-7DDF-BB54-66C3-C81D003CBBA8}.Release|x64.ActiveCfg = Release|Any CPU
		{953C6AED-7DDF-BB54-66C3-C81D003CBBA8}.Release|x64.Build.0 = Release|Any CPU
		{953C6AED-7DDF-BB54-66C3-C81D003CBBA8}.Release|x86.ActiveCfg = Release|Any CPU
		{953C6AED-7DDF-BB54-66C3-C81D003CBBA8}.Release|x86.Build.0 = Release|Any CPU
		{386CDCF5-8F6C-451D-A5E8-5B708CEFCFFA}.Debug|Any CPU.ActiveCfg = Debug|Any CPU
		{386CDCF5-8F6C-451D-A5E8-5B708CEFCFFA}.Debug|Any CPU.Build.0 = Debug|Any CPU
		{386CDCF5-8F6C-451D-A5E8-5B708CEFCFFA}.Debug|x64.ActiveCfg = Debug|Any CPU
		{386CDCF5-8F6C-451D-A5E8-5B708CEFCFFA}.Debug|x64.Build.0 = Debug|Any CPU
		{386CDCF5-8F6C-451D-A5E8-5B708CEFCFFA}.Debug|x86.ActiveCfg = Debug|Any CPU
		{386CDCF5-8F6C-451D-A5E8-5B708CEFCFFA}.Debug|x86.Build.0 = Debug|Any CPU
		{386CDCF5-8F6C-451D-A5E8-5B708CEFCFFA}.Release|Any CPU.ActiveCfg = Release|Any CPU
		{386CDCF5-8F6C-451D-A5E8-5B708CEFCFFA}.Release|Any CPU.Build.0 = Release|Any CPU
		{386CDCF5-8F6C-451D-A5E8-5B708CEFCFFA}.Release|x64.ActiveCfg = Release|Any CPU
		{386CDCF5-8F6C-451D-A5E8-5B708CEFCFFA}.Release|x64.Build.0 = Release|Any CPU
		{386CDCF5-8F6C-451D-A5E8-5B708CEFCFFA}.Release|x86.ActiveCfg = Release|Any CPU
		{386CDCF5-8F6C-451D-A5E8-5B708CEFCFFA}.Release|x86.Build.0 = Release|Any CPU
	EndGlobalSection
	GlobalSection(SolutionProperties) = preSolution
		HideSolutionNode = FALSE
	EndGlobalSection
	GlobalSection(ExtensibilityGlobals) = postSolution
		SolutionGuid = {25CDA8F7-4E0D-4616-9597-B65A846A33BE}
	EndGlobalSection
EndGlobal
